
Microsoft Visual Studio Solution File, Format Version 12.00
# Visual Studio Version 16
VisualStudioVersion = 16.0.31605.320
MinimumVisualStudioVersion = 10.0.40219.1
Project("{8BC9CEB8-8B4A-11D0-8D11-00A0C91BC942}") = "SK-Lib-stdarg.h-va_start-Bagian3__C", "SK-Lib-stdarg.h-va_start-Bagian3__C\SK-Lib-stdarg.h-va_start-Bagian3__C.vcxproj", "{C4682BB7-47C0-4E65-9215-CD5A16E6FA28}"
EndProject
Global
	GlobalSection(SolutionConfigurationPlatforms) = preSolution
		Debug|x64 = Debug|x64
		Debug|x86 = Debug|x86
		Release|x64 = Release|x64
		Release|x86 = Release|x86
	EndGlobalSection
	GlobalSection(ProjectConfigurationPlatforms) = postSolution
		{C4682BB7-47C0-4E65-9215-CD5A16E6FA28}.Debug|x64.ActiveCfg = Debug|x64
		{C4682BB7-47C0-4E65-9215-CD5A16E6FA28}.Debug|x64.Build.0 = Debug|x64
		{C4682BB7-47C0-4E65-9215-CD5A16E6FA28}.Debug|x86.ActiveCfg = Debug|Win32
		{C4682BB7-47C0-4E65-9215-CD5A16E6FA28}.Debug|x86.Build.0 = Debug|Win32
		{C4682BB7-47C0-4E65-9215-CD5A16E6FA28}.Release|x64.ActiveCfg = Release|x64
		{C4682BB7-47C0-4E65-9215-CD5A16E6FA28}.Release|x64.Build.0 = Release|x64
		{C4682BB7-47C0-4E65-9215-CD5A16E6FA28}.Release|x86.ActiveCfg = Release|Win32
		{C4682BB7-47C0-4E65-9215-CD5A16E6FA28}.Release|x86.Build.0 = Release|Win32
	EndGlobalSection
	GlobalSection(SolutionProperties) = preSolution
		HideSolutionNode = FALSE
	EndGlobalSection
	GlobalSection(ExtensibilityGlobals) = postSolution
		SolutionGuid = {77541489-9EEF-4A47-989C-F66471F8721F}
	EndGlobalSection
EndGlobal
